
Microsoft Visual Studio Solution File, Format Version 12.00
# Visual Studio Version 17
VisualStudioVersion = 17.8.34322.80
MinimumVisualStudioVersion = 10.0.40219.1
Project("{FAE04EC0-301F-11D3-BF4B-00C04F79EFBC}") = "AbstractFactory", "AbstractFactory\AbstractFactory.csproj", "{33114E29-58A5-4A48-99BC-FBBB0D01B918}"
EndProject
Project("{FAE04EC0-301F-11D3-BF4B-00C04F79EFBC}") = "Builder", "Builder\Builder.csproj", "{D775FAA5-B52D-4980-993B-227CF182D8D7}"
EndProject
Project("{FAE04EC0-301F-11D3-BF4B-00C04F79EFBC}") = "FactoryMethod", "FactoryMethod\FactoryMethod.csproj", "{3EDAE909-EC2F-46A6-86CE-A64B461DA6E1}"
EndProject
Project("{FAE04EC0-301F-11D3-BF4B-00C04F79EFBC}") = "Protopy", "Protopy\Protopy.csproj", "{510BF642-9AB1-418F-AB4E-A1659C1503F2}"
EndProject
Project("{FAE04EC0-301F-11D3-BF4B-00C04F79EFBC}") = "Singleton", "Singleton\Singleton.csproj", "{46D5F262-A6D5-4A4A-B91A-96AB789AEE59}"
EndProject
Global
	GlobalSection(SolutionConfigurationPlatforms) = preSolution
		Debug|Any CPU = Debug|Any CPU
		Release|Any CPU = Release|Any CPU
	EndGlobalSection
	GlobalSection(ProjectConfigurationPlatforms) = postSolution
		{33114E29-58A5-4A48-99BC-FBBB0D01B918}.Debug|Any CPU.ActiveCfg = Debug|Any CPU
		{33114E29-58A5-4A48-99BC-FBBB0D01B918}.Debug|Any CPU.Build.0 = Debug|Any CPU
		{33114E29-58A5-4A48-99BC-FBBB0D01B918}.Release|Any CPU.ActiveCfg = Release|Any CPU
		{33114E29-58A5-4A48-99BC-FBBB0D01B918}.Release|Any CPU.Build.0 = Release|Any CPU
		{D775FAA5-B52D-4980-993B-227CF182D8D7}.Debug|Any CPU.ActiveCfg = Debug|Any CPU
		{D775FAA5-B52D-4980-993B-227CF182D8D7}.Debug|Any CPU.Build.0 = Debug|Any CPU
		{D775FAA5-B52D-4980-993B-227CF182D8D7}.Release|Any CPU.ActiveCfg = Release|Any CPU
		{D775FAA5-B52D-4980-993B-227CF182D8D7}.Release|Any CPU.Build.0 = Release|Any CPU
		{3EDAE909-EC2F-46A6-86CE-A64B461DA6E1}.Debug|Any CPU.ActiveCfg = Debug|Any CPU
		{3EDAE909-EC2F-46A6-86CE-A64B461DA6E1}.Debug|Any CPU.Build.0 = Debug|Any CPU
		{3EDAE909-EC2F-46A6-86CE-A64B461DA6E1}.Release|Any CPU.ActiveCfg = Release|Any CPU
		{3EDAE909-EC2F-46A6-86CE-A64B461DA6E1}.Release|Any CPU.Build.0 = Release|Any CPU
		{510BF642-9AB1-418F-AB4E-A1659C1503F2}.Debug|Any CPU.ActiveCfg = Debug|Any CPU
		{510BF642-9AB1-418F-AB4E-A1659C1503F2}.Debug|Any CPU.Build.0 = Debug|Any CPU
		{510BF642-9AB1-418F-AB4E-A1659C1503F2}.Release|Any CPU.ActiveCfg = Release|Any CPU
		{510BF642-9AB1-418F-AB4E-A1659C1503F2}.Release|Any CPU.Build.0 = Release|Any CPU
		{46D5F262-A6D5-4A4A-B91A-96AB789AEE59}.Debug|Any CPU.ActiveCfg = Debug|Any CPU
		{46D5F262-A6D5-4A4A-B91A-96AB789AEE59}.Debug|Any CPU.Build.0 = Debug|Any CPU
		{46D5F262-A6D5-4A4A-B91A-96AB789AEE59}.Release|Any CPU.ActiveCfg = Release|Any CPU
		{46D5F262-A6D5-4A4A-B91A-96AB789AEE59}.Release|Any CPU.Build.0 = Release|Any CPU
	EndGlobalSection
	GlobalSection(SolutionProperties) = preSolution
		HideSolutionNode = FALSE
	EndGlobalSection
	GlobalSection(ExtensibilityGlobals) = postSolution
		SolutionGuid = {FA12D525-F7EE-4517-ACEE-99AC77105A7F}
	EndGlobalSection
EndGlobal
